// !$*UTF8*$!
{
	archiveVersion = 1;
	classes = {
	};
	objectVersion = 55;
	objects = {

/* Begin PBXBuildFile section */
		630F0185270D9009000CB7B7 /* AppiconResizerView.swift in Sources */ = {isa = PBXBuildFile; fileRef = 630F0184270D9009000CB7B7 /* AppiconResizerView.swift */; };
		630F0187270D9013000CB7B7 /* AssetResizerView.swift in Sources */ = {isa = PBXBuildFile; fileRef = 630F0186270D9013000CB7B7 /* AssetResizerView.swift */; };
		630F0189270D9025000CB7B7 /* AssetResizerPresenter.swift in Sources */ = {isa = PBXBuildFile; fileRef = 630F0188270D9025000CB7B7 /* AssetResizerPresenter.swift */; };
		630F018B270D9044000CB7B7 /* AppiconResizerPresenter.swift in Sources */ = {isa = PBXBuildFile; fileRef = 630F018A270D9044000CB7B7 /* AppiconResizerPresenter.swift */; };
		630F018E270D9394000CB7B7 /* StackNavigationView.swift in Sources */ = {isa = PBXBuildFile; fileRef = 630F018D270D9394000CB7B7 /* StackNavigationView.swift */; };
		630F0192270D947A000CB7B7 /* HomeButton.swift in Sources */ = {isa = PBXBuildFile; fileRef = 630F0191270D947A000CB7B7 /* HomeButton.swift */; };
		630F0195270DA5B1000CB7B7 /* DropImage.swift in Sources */ = {isa = PBXBuildFile; fileRef = 630F0194270DA5B1000CB7B7 /* DropImage.swift */; };
		630F0197270DB2F9000CB7B7 /* PlaceholderImage.swift in Sources */ = {isa = PBXBuildFile; fileRef = 630F0196270DB2F9000CB7B7 /* PlaceholderImage.swift */; };
		630F019A270DE8FF000CB7B7 /* NSImage.swift in Sources */ = {isa = PBXBuildFile; fileRef = 630F0199270DE8FF000CB7B7 /* NSImage.swift */; };
		630F019C270DE972000CB7B7 /* FinderHelper.swift in Sources */ = {isa = PBXBuildFile; fileRef = 630F019B270DE972000CB7B7 /* FinderHelper.swift */; };
		63B79CCA270C864A003C73D8 /* AssetMakerApp.swift in Sources */ = {isa = PBXBuildFile; fileRef = 63B79CC9270C864A003C73D8 /* AssetMakerApp.swift */; };
		63B79CCC270C864A003C73D8 /* HomeView.swift in Sources */ = {isa = PBXBuildFile; fileRef = 63B79CCB270C864A003C73D8 /* HomeView.swift */; };
		63B79CCE270C864E003C73D8 /* Assets.xcassets in Resources */ = {isa = PBXBuildFile; fileRef = 63B79CCD270C864E003C73D8 /* Assets.xcassets */; };
		63B79CD1270C864E003C73D8 /* Preview Assets.xcassets in Resources */ = {isa = PBXBuildFile; fileRef = 63B79CD0270C864E003C73D8 /* Preview Assets.xcassets */; };
		63B79CDC270C864F003C73D8 /* AssetMakerTests.swift in Sources */ = {isa = PBXBuildFile; fileRef = 63B79CDB270C864F003C73D8 /* AssetMakerTests.swift */; };
		63B79CE6270C864F003C73D8 /* AssetMakerUITests.swift in Sources */ = {isa = PBXBuildFile; fileRef = 63B79CE5270C864F003C73D8 /* AssetMakerUITests.swift */; };
		63B79CE8270C864F003C73D8 /* AssetMakerUITestsLaunchTests.swift in Sources */ = {isa = PBXBuildFile; fileRef = 63B79CE7270C864F003C73D8 /* AssetMakerUITestsLaunchTests.swift */; };
/* End PBXBuildFile section */

/* Begin PBXContainerItemProxy section */
		63B79CD8270C864F003C73D8 /* PBXContainerItemProxy */ = {
			isa = PBXContainerItemProxy;
			containerPortal = 63B79CBE270C864A003C73D8 /* Project object */;
			proxyType = 1;
			remoteGlobalIDString = 63B79CC5270C864A003C73D8;
			remoteInfo = AssetMaker;
		};
		63B79CE2270C864F003C73D8 /* PBXContainerItemProxy */ = {
			isa = PBXContainerItemProxy;
			containerPortal = 63B79CBE270C864A003C73D8 /* Project object */;
			proxyType = 1;
			remoteGlobalIDString = 63B79CC5270C864A003C73D8;
			remoteInfo = AssetMaker;
		};
/* End PBXContainerItemProxy section */

/* Begin PBXFileReference section */
		630F0184270D9009000CB7B7 /* AppiconResizerView.swift */ = {isa = PBXFileReference; lastKnownFileType = sourcecode.swift; path = AppiconResizerView.swift; sourceTree = "<group>"; };
		630F0186270D9013000CB7B7 /* AssetResizerView.swift */ = {isa = PBXFileReference; lastKnownFileType = sourcecode.swift; path = AssetResizerView.swift; sourceTree = "<group>"; };
		630F0188270D9025000CB7B7 /* AssetResizerPresenter.swift */ = {isa = PBXFileReference; lastKnownFileType = sourcecode.swift; path = AssetResizerPresenter.swift; sourceTree = "<group>"; };
		630F018A270D9044000CB7B7 /* AppiconResizerPresenter.swift */ = {isa = PBXFileReference; lastKnownFileType = sourcecode.swift; path = AppiconResizerPresenter.swift; sourceTree = "<group>"; };
		630F018D270D9394000CB7B7 /* StackNavigationView.swift */ = {isa = PBXFileReference; lastKnownFileType = sourcecode.swift; path = StackNavigationView.swift; sourceTree = "<group>"; };
		630F0191270D947A000CB7B7 /* HomeButton.swift */ = {isa = PBXFileReference; lastKnownFileType = sourcecode.swift; path = HomeButton.swift; sourceTree = "<group>"; };
		630F0194270DA5B1000CB7B7 /* DropImage.swift */ = {isa = PBXFileReference; lastKnownFileType = sourcecode.swift; path = DropImage.swift; sourceTree = "<group>"; };
		630F0196270DB2F9000CB7B7 /* PlaceholderImage.swift */ = {isa = PBXFileReference; lastKnownFileType = sourcecode.swift; path = PlaceholderImage.swift; sourceTree = "<group>"; };
		630F0199270DE8FF000CB7B7 /* NSImage.swift */ = {isa = PBXFileReference; lastKnownFileType = sourcecode.swift; path = NSImage.swift; sourceTree = "<group>"; };
		630F019B270DE972000CB7B7 /* FinderHelper.swift */ = {isa = PBXFileReference; lastKnownFileType = sourcecode.swift; path = FinderHelper.swift; sourceTree = "<group>"; };
		63B79CC6270C864A003C73D8 /* AssetMaker.app */ = {isa = PBXFileReference; explicitFileType = wrapper.application; includeInIndex = 0; path = AssetMaker.app; sourceTree = BUILT_PRODUCTS_DIR; };
		63B79CC9270C864A003C73D8 /* AssetMakerApp.swift */ = {isa = PBXFileReference; lastKnownFileType = sourcecode.swift; path = AssetMakerApp.swift; sourceTree = "<group>"; };
		63B79CCB270C864A003C73D8 /* HomeView.swift */ = {isa = PBXFileReference; lastKnownFileType = sourcecode.swift; path = HomeView.swift; sourceTree = "<group>"; };
		63B79CCD270C864E003C73D8 /* Assets.xcassets */ = {isa = PBXFileReference; lastKnownFileType = folder.assetcatalog; path = Assets.xcassets; sourceTree = "<group>"; };
		63B79CD0270C864E003C73D8 /* Preview Assets.xcassets */ = {isa = PBXFileReference; lastKnownFileType = folder.assetcatalog; path = "Preview Assets.xcassets"; sourceTree = "<group>"; };
		63B79CD2270C864E003C73D8 /* AssetMaker.entitlements */ = {isa = PBXFileReference; lastKnownFileType = text.plist.entitlements; path = AssetMaker.entitlements; sourceTree = "<group>"; };
		63B79CD7270C864F003C73D8 /* AssetMakerTests.xctest */ = {isa = PBXFileReference; explicitFileType = wrapper.cfbundle; includeInIndex = 0; path = AssetMakerTests.xctest; sourceTree = BUILT_PRODUCTS_DIR; };
		63B79CDB270C864F003C73D8 /* AssetMakerTests.swift */ = {isa = PBXFileReference; lastKnownFileType = sourcecode.swift; path = AssetMakerTests.swift; sourceTree = "<group>"; };
		63B79CE1270C864F003C73D8 /* AssetMakerUITests.xctest */ = {isa = PBXFileReference; explicitFileType = wrapper.cfbundle; includeInIndex = 0; path = AssetMakerUITests.xctest; sourceTree = BUILT_PRODUCTS_DIR; };
		63B79CE5270C864F003C73D8 /* AssetMakerUITests.swift */ = {isa = PBXFileReference; lastKnownFileType = sourcecode.swift; path = AssetMakerUITests.swift; sourceTree = "<group>"; };
		63B79CE7270C864F003C73D8 /* AssetMakerUITestsLaunchTests.swift */ = {isa = PBXFileReference; lastKnownFileType = sourcecode.swift; path = AssetMakerUITestsLaunchTests.swift; sourceTree = "<group>"; };
/* End PBXFileReference section */

/* Begin PBXFrameworksBuildPhase section */
		63B79CC3270C864A003C73D8 /* Frameworks */ = {
			isa = PBXFrameworksBuildPhase;
			buildActionMask = 2147483647;
			files = (
			);
			runOnlyForDeploymentPostprocessing = 0;
		};
		63B79CD4270C864F003C73D8 /* Frameworks */ = {
			isa = PBXFrameworksBuildPhase;
			buildActionMask = 2147483647;
			files = (
			);
			runOnlyForDeploymentPostprocessing = 0;
		};
		63B79CDE270C864F003C73D8 /* Frameworks */ = {
			isa = PBXFrameworksBuildPhase;
			buildActionMask = 2147483647;
			files = (
			);
			runOnlyForDeploymentPostprocessing = 0;
		};
/* End PBXFrameworksBuildPhase section */

/* Begin PBXGroup section */
		630F017A270D8C01000CB7B7 /* Features */ = {
			isa = PBXGroup;
			children = (
				630F017E270D8D31000CB7B7 /* Home */,
				630F0180270D8D48000CB7B7 /* Appicon Resizer */,
				630F017F270D8D38000CB7B7 /* Asset Resizer */,
			);
			path = Features;
			sourceTree = "<group>";
		};
		630F017B270D8C18000CB7B7 /* Data */ = {
			isa = PBXGroup;
			children = (
				630F017C270D8C21000CB7B7 /* Models */,
			);
			path = Data;
			sourceTree = "<group>";
		};
		630F017C270D8C21000CB7B7 /* Models */ = {
			isa = PBXGroup;
			children = (
			);
			path = Models;
			sourceTree = "<group>";
		};
		630F017D270D8C39000CB7B7 /* Utils */ = {
			isa = PBXGroup;
			children = (
				630F019B270DE972000CB7B7 /* FinderHelper.swift */,
			);
			path = Utils;
			sourceTree = "<group>";
		};
		630F017E270D8D31000CB7B7 /* Home */ = {
			isa = PBXGroup;
			children = (
				63B79CCB270C864A003C73D8 /* HomeView.swift */,
			);
			path = Home;
			sourceTree = "<group>";
		};
		630F017F270D8D38000CB7B7 /* Asset Resizer */ = {
			isa = PBXGroup;
			children = (
				630F0186270D9013000CB7B7 /* AssetResizerView.swift */,
				630F0188270D9025000CB7B7 /* AssetResizerPresenter.swift */,
			);
			path = "Asset Resizer";
			sourceTree = "<group>";
		};
		630F0180270D8D48000CB7B7 /* Appicon Resizer */ = {
			isa = PBXGroup;
			children = (
				630F0184270D9009000CB7B7 /* AppiconResizerView.swift */,
				630F018A270D9044000CB7B7 /* AppiconResizerPresenter.swift */,
			);
			path = "Appicon Resizer";
			sourceTree = "<group>";
		};
		630F018C270D9371000CB7B7 /* Custom Views */ = {
			isa = PBXGroup;
			children = (
				630F0193270DA577000CB7B7 /* DropImage */,
				630F0190270D9464000CB7B7 /* Buttons */,
				630F018F270D945A000CB7B7 /* Navigation */,
			);
			path = "Custom Views";
			sourceTree = "<group>";
		};
		630F018F270D945A000CB7B7 /* Navigation */ = {
			isa = PBXGroup;
			children = (
				630F018D270D9394000CB7B7 /* StackNavigationView.swift */,
			);
			path = Navigation;
			sourceTree = "<group>";
		};
		630F0190270D9464000CB7B7 /* Buttons */ = {
			isa = PBXGroup;
			children = (
				630F0191270D947A000CB7B7 /* HomeButton.swift */,
			);
			path = Buttons;
			sourceTree = "<group>";
		};
		630F0193270DA577000CB7B7 /* DropImage */ = {
			isa = PBXGroup;
			children = (
				630F0194270DA5B1000CB7B7 /* DropImage.swift */,
				630F0196270DB2F9000CB7B7 /* PlaceholderImage.swift */,
			);
			path = DropImage;
			sourceTree = "<group>";
		};
		630F0198270DE8F0000CB7B7 /* Extensions */ = {
			isa = PBXGroup;
			children = (
				630F0199270DE8FF000CB7B7 /* NSImage.swift */,
			);
			path = Extensions;
			sourceTree = "<group>";
		};
		63B79CBD270C864A003C73D8 = {
			isa = PBXGroup;
			children = (
				63B79CC8270C864A003C73D8 /* AssetMaker */,
				63B79CDA270C864F003C73D8 /* AssetMakerTests */,
				63B79CE4270C864F003C73D8 /* AssetMakerUITests */,
				63B79CC7270C864A003C73D8 /* Products */,
			);
			sourceTree = "<group>";
		};
		63B79CC7270C864A003C73D8 /* Products */ = {
			isa = PBXGroup;
			children = (
				63B79CC6270C864A003C73D8 /* AssetMaker.app */,
				63B79CD7270C864F003C73D8 /* AssetMakerTests.xctest */,
				63B79CE1270C864F003C73D8 /* AssetMakerUITests.xctest */,
			);
			name = Products;
			sourceTree = "<group>";
		};
		63B79CC8270C864A003C73D8 /* AssetMaker */ = {
			isa = PBXGroup;
			children = (
				63B79CC9270C864A003C73D8 /* AssetMakerApp.swift */,
				630F0198270DE8F0000CB7B7 /* Extensions */,
				630F017D270D8C39000CB7B7 /* Utils */,
				630F017B270D8C18000CB7B7 /* Data */,
				630F018C270D9371000CB7B7 /* Custom Views */,
				630F017A270D8C01000CB7B7 /* Features */,
				63B79CCD270C864E003C73D8 /* Assets.xcassets */,
				63B79CD2270C864E003C73D8 /* AssetMaker.entitlements */,
				63B79CCF270C864E003C73D8 /* Preview Content */,
			);
			path = AssetMaker;
			sourceTree = "<group>";
		};
		63B79CCF270C864E003C73D8 /* Preview Content */ = {
			isa = PBXGroup;
			children = (
				63B79CD0270C864E003C73D8 /* Preview Assets.xcassets */,
			);
			path = "Preview Content";
			sourceTree = "<group>";
		};
		63B79CDA270C864F003C73D8 /* AssetMakerTests */ = {
			isa = PBXGroup;
			children = (
				63B79CDB270C864F003C73D8 /* AssetMakerTests.swift */,
			);
			path = AssetMakerTests;
			sourceTree = "<group>";
		};
		63B79CE4270C864F003C73D8 /* AssetMakerUITests */ = {
			isa = PBXGroup;
			children = (
				63B79CE5270C864F003C73D8 /* AssetMakerUITests.swift */,
				63B79CE7270C864F003C73D8 /* AssetMakerUITestsLaunchTests.swift */,
			);
			path = AssetMakerUITests;
			sourceTree = "<group>";
		};
/* End PBXGroup section */

/* Begin PBXNativeTarget section */
		63B79CC5270C864A003C73D8 /* AssetMaker */ = {
			isa = PBXNativeTarget;
			buildConfigurationList = 63B79CEB270C864F003C73D8 /* Build configuration list for PBXNativeTarget "AssetMaker" */;
			buildPhases = (
				63B79CC2270C864A003C73D8 /* Sources */,
				63B79CC3270C864A003C73D8 /* Frameworks */,
				63B79CC4270C864A003C73D8 /* Resources */,
			);
			buildRules = (
			);
			dependencies = (
			);
			name = AssetMaker;
			productName = AssetMaker;
			productReference = 63B79CC6270C864A003C73D8 /* AssetMaker.app */;
			productType = "com.apple.product-type.application";
		};
		63B79CD6270C864F003C73D8 /* AssetMakerTests */ = {
			isa = PBXNativeTarget;
			buildConfigurationList = 63B79CEE270C864F003C73D8 /* Build configuration list for PBXNativeTarget "AssetMakerTests" */;
			buildPhases = (
				63B79CD3270C864F003C73D8 /* Sources */,
				63B79CD4270C864F003C73D8 /* Frameworks */,
				63B79CD5270C864F003C73D8 /* Resources */,
			);
			buildRules = (
			);
			dependencies = (
				63B79CD9270C864F003C73D8 /* PBXTargetDependency */,
			);
			name = AssetMakerTests;
			productName = AssetMakerTests;
			productReference = 63B79CD7270C864F003C73D8 /* AssetMakerTests.xctest */;
			productType = "com.apple.product-type.bundle.unit-test";
		};
		63B79CE0270C864F003C73D8 /* AssetMakerUITests */ = {
			isa = PBXNativeTarget;
			buildConfigurationList = 63B79CF1270C864F003C73D8 /* Build configuration list for PBXNativeTarget "AssetMakerUITests" */;
			buildPhases = (
				63B79CDD270C864F003C73D8 /* Sources */,
				63B79CDE270C864F003C73D8 /* Frameworks */,
				63B79CDF270C864F003C73D8 /* Resources */,
			);
			buildRules = (
			);
			dependencies = (
				63B79CE3270C864F003C73D8 /* PBXTargetDependency */,
			);
			name = AssetMakerUITests;
			productName = AssetMakerUITests;
			productReference = 63B79CE1270C864F003C73D8 /* AssetMakerUITests.xctest */;
			productType = "com.apple.product-type.bundle.ui-testing";
		};
/* End PBXNativeTarget section */

/* Begin PBXProject section */
		63B79CBE270C864A003C73D8 /* Project object */ = {
			isa = PBXProject;
			attributes = {
				BuildIndependentTargetsInParallel = 1;
				LastSwiftUpdateCheck = 1300;
				LastUpgradeCheck = 1300;
				TargetAttributes = {
					63B79CC5270C864A003C73D8 = {
						CreatedOnToolsVersion = 13.0;
					};
					63B79CD6270C864F003C73D8 = {
						CreatedOnToolsVersion = 13.0;
						TestTargetID = 63B79CC5270C864A003C73D8;
					};
					63B79CE0270C864F003C73D8 = {
						CreatedOnToolsVersion = 13.0;
						TestTargetID = 63B79CC5270C864A003C73D8;
					};
				};
			};
			buildConfigurationList = 63B79CC1270C864A003C73D8 /* Build configuration list for PBXProject "AssetMaker" */;
			compatibilityVersion = "Xcode 13.0";
			developmentRegion = en;
			hasScannedForEncodings = 0;
			knownRegions = (
				en,
				Base,
			);
			mainGroup = 63B79CBD270C864A003C73D8;
			productRefGroup = 63B79CC7270C864A003C73D8 /* Products */;
			projectDirPath = "";
			projectRoot = "";
			targets = (
				63B79CC5270C864A003C73D8 /* AssetMaker */,
				63B79CD6270C864F003C73D8 /* AssetMakerTests */,
				63B79CE0270C864F003C73D8 /* AssetMakerUITests */,
			);
		};
/* End PBXProject section */

/* Begin PBXResourcesBuildPhase section */
		63B79CC4270C864A003C73D8 /* Resources */ = {
			isa = PBXResourcesBuildPhase;
			buildActionMask = 2147483647;
			files = (
				63B79CD1270C864E003C73D8 /* Preview Assets.xcassets in Resources */,
				63B79CCE270C864E003C73D8 /* Assets.xcassets in Resources */,
			);
			runOnlyForDeploymentPostprocessing = 0;
		};
		63B79CD5270C864F003C73D8 /* Resources */ = {
			isa = PBXResourcesBuildPhase;
			buildActionMask = 2147483647;
			files = (
			);
			runOnlyForDeploymentPostprocessing = 0;
		};
		63B79CDF270C864F003C73D8 /* Resources */ = {
			isa = PBXResourcesBuildPhase;
			buildActionMask = 2147483647;
			files = (
			);
			runOnlyForDeploymentPostprocessing = 0;
		};
/* End PBXResourcesBuildPhase section */

/* Begin PBXSourcesBuildPhase section */
		63B79CC2270C864A003C73D8 /* Sources */ = {
			isa = PBXSourcesBuildPhase;
			buildActionMask = 2147483647;
			files = (
				630F0185270D9009000CB7B7 /* AppiconResizerView.swift in Sources */,
				630F0197270DB2F9000CB7B7 /* PlaceholderImage.swift in Sources */,
				630F0192270D947A000CB7B7 /* HomeButton.swift in Sources */,
				63B79CCC270C864A003C73D8 /* HomeView.swift in Sources */,
				630F0189270D9025000CB7B7 /* AssetResizerPresenter.swift in Sources */,
				630F0187270D9013000CB7B7 /* AssetResizerView.swift in Sources */,
				630F019C270DE972000CB7B7 /* FinderHelper.swift in Sources */,
				630F018E270D9394000CB7B7 /* StackNavigationView.swift in Sources */,
				630F0195270DA5B1000CB7B7 /* DropImage.swift in Sources */,
				630F019A270DE8FF000CB7B7 /* NSImage.swift in Sources */,
				63B79CCA270C864A003C73D8 /* AssetMakerApp.swift in Sources */,
				630F018B270D9044000CB7B7 /* AppiconResizerPresenter.swift in Sources */,
			);
			runOnlyForDeploymentPostprocessing = 0;
		};
		63B79CD3270C864F003C73D8 /* Sources */ = {
			isa = PBXSourcesBuildPhase;
			buildActionMask = 2147483647;
			files = (
				63B79CDC270C864F003C73D8 /* AssetMakerTests.swift in Sources */,
			);
			runOnlyForDeploymentPostprocessing = 0;
		};
		63B79CDD270C864F003C73D8 /* Sources */ = {
			isa = PBXSourcesBuildPhase;
			buildActionMask = 2147483647;
			files = (
				63B79CE8270C864F003C73D8 /* AssetMakerUITestsLaunchTests.swift in Sources */,
				63B79CE6270C864F003C73D8 /* AssetMakerUITests.swift in Sources */,
			);
			runOnlyForDeploymentPostprocessing = 0;
		};
/* End PBXSourcesBuildPhase section */

/* Begin PBXTargetDependency section */
		63B79CD9270C864F003C73D8 /* PBXTargetDependency */ = {
			isa = PBXTargetDependency;
			target = 63B79CC5270C864A003C73D8 /* AssetMaker */;
			targetProxy = 63B79CD8270C864F003C73D8 /* PBXContainerItemProxy */;
		};
		63B79CE3270C864F003C73D8 /* PBXTargetDependency */ = {
			isa = PBXTargetDependency;
			target = 63B79CC5270C864A003C73D8 /* AssetMaker */;
			targetProxy = 63B79CE2270C864F003C73D8 /* PBXContainerItemProxy */;
		};
/* End PBXTargetDependency section */

/* Begin XCBuildConfiguration section */
		63B79CE9270C864F003C73D8 /* Debug */ = {
			isa = XCBuildConfiguration;
			buildSettings = {
				ALWAYS_SEARCH_USER_PATHS = NO;
				CLANG_ANALYZER_NONNULL = YES;
				CLANG_ANALYZER_NUMBER_OBJECT_CONVERSION = YES_AGGRESSIVE;
				CLANG_CXX_LANGUAGE_STANDARD = "gnu++17";
				CLANG_CXX_LIBRARY = "libc++";
				CLANG_ENABLE_MODULES = YES;
				CLANG_ENABLE_OBJC_ARC = YES;
				CLANG_ENABLE_OBJC_WEAK = YES;
				CLANG_WARN_BLOCK_CAPTURE_AUTORELEASING = YES;
				CLANG_WARN_BOOL_CONVERSION = YES;
				CLANG_WARN_COMMA = YES;
				CLANG_WARN_CONSTANT_CONVERSION = YES;
				CLANG_WARN_DEPRECATED_OBJC_IMPLEMENTATIONS = YES;
				CLANG_WARN_DIRECT_OBJC_ISA_USAGE = YES_ERROR;
				CLANG_WARN_DOCUMENTATION_COMMENTS = YES;
				CLANG_WARN_EMPTY_BODY = YES;
				CLANG_WARN_ENUM_CONVERSION = YES;
				CLANG_WARN_INFINITE_RECURSION = YES;
				CLANG_WARN_INT_CONVERSION = YES;
				CLANG_WARN_NON_LITERAL_NULL_CONVERSION = YES;
				CLANG_WARN_OBJC_IMPLICIT_RETAIN_SELF = YES;
				CLANG_WARN_OBJC_LITERAL_CONVERSION = YES;
				CLANG_WARN_OBJC_ROOT_CLASS = YES_ERROR;
				CLANG_WARN_QUOTED_INCLUDE_IN_FRAMEWORK_HEADER = YES;
				CLANG_WARN_RANGE_LOOP_ANALYSIS = YES;
				CLANG_WARN_STRICT_PROTOTYPES = YES;
				CLANG_WARN_SUSPICIOUS_MOVE = YES;
				CLANG_WARN_UNGUARDED_AVAILABILITY = YES_AGGRESSIVE;
				CLANG_WARN_UNREACHABLE_CODE = YES;
				CLANG_WARN__DUPLICATE_METHOD_MATCH = YES;
				COPY_PHASE_STRIP = NO;
				DEBUG_INFORMATION_FORMAT = dwarf;
				ENABLE_STRICT_OBJC_MSGSEND = YES;
				ENABLE_TESTABILITY = YES;
				GCC_C_LANGUAGE_STANDARD = gnu11;
				GCC_DYNAMIC_NO_PIC = NO;
				GCC_NO_COMMON_BLOCKS = YES;
				GCC_OPTIMIZATION_LEVEL = 0;
				GCC_PREPROCESSOR_DEFINITIONS = (
					"DEBUG=1",
					"$(inherited)",
				);
				GCC_WARN_64_TO_32_BIT_CONVERSION = YES;
				GCC_WARN_ABOUT_RETURN_TYPE = YES_ERROR;
				GCC_WARN_UNDECLARED_SELECTOR = YES;
				GCC_WARN_UNINITIALIZED_AUTOS = YES_AGGRESSIVE;
				GCC_WARN_UNUSED_FUNCTION = YES;
				GCC_WARN_UNUSED_VARIABLE = YES;
				MACOSX_DEPLOYMENT_TARGET = 11.3;
				MTL_ENABLE_DEBUG_INFO = INCLUDE_SOURCE;
				MTL_FAST_MATH = YES;
				ONLY_ACTIVE_ARCH = YES;
				SDKROOT = macosx;
				SWIFT_ACTIVE_COMPILATION_CONDITIONS = DEBUG;
				SWIFT_OPTIMIZATION_LEVEL = "-Onone";
			};
			name = Debug;
		};
		63B79CEA270C864F003C73D8 /* Release */ = {
			isa = XCBuildConfiguration;
			buildSettings = {
				ALWAYS_SEARCH_USER_PATHS = NO;
				CLANG_ANALYZER_NONNULL = YES;
				CLANG_ANALYZER_NUMBER_OBJECT_CONVERSION = YES_AGGRESSIVE;
				CLANG_CXX_LANGUAGE_STANDARD = "gnu++17";
				CLANG_CXX_LIBRARY = "libc++";
				CLANG_ENABLE_MODULES = YES;
				CLANG_ENABLE_OBJC_ARC = YES;
				CLANG_ENABLE_OBJC_WEAK = YES;
				CLANG_WARN_BLOCK_CAPTURE_AUTORELEASING = YES;
				CLANG_WARN_BOOL_CONVERSION = YES;
				CLANG_WARN_COMMA = YES;
				CLANG_WARN_CONSTANT_CONVERSION = YES;
				CLANG_WARN_DEPRECATED_OBJC_IMPLEMENTATIONS = YES;
				CLANG_WARN_DIRECT_OBJC_ISA_USAGE = YES_ERROR;
				CLANG_WARN_DOCUMENTATION_COMMENTS = YES;
				CLANG_WARN_EMPTY_BODY = YES;
				CLANG_WARN_ENUM_CONVERSION = YES;
				CLANG_WARN_INFINITE_RECURSION = YES;
				CLANG_WARN_INT_CONVERSION = YES;
				CLANG_WARN_NON_LITERAL_NULL_CONVERSION = YES;
				CLANG_WARN_OBJC_IMPLICIT_RETAIN_SELF = YES;
				CLANG_WARN_OBJC_LITERAL_CONVERSION = YES;
				CLANG_WARN_OBJC_ROOT_CLASS = YES_ERROR;
				CLANG_WARN_QUOTED_INCLUDE_IN_FRAMEWORK_HEADER = YES;
				CLANG_WARN_RANGE_LOOP_ANALYSIS = YES;
				CLANG_WARN_STRICT_PROTOTYPES = YES;
				CLANG_WARN_SUSPICIOUS_MOVE = YES;
				CLANG_WARN_UNGUARDED_AVAILABILITY = YES_AGGRESSIVE;
				CLANG_WARN_UNREACHABLE_CODE = YES;
				CLANG_WARN__DUPLICATE_METHOD_MATCH = YES;
				COPY_PHASE_STRIP = NO;
				DEBUG_INFORMATION_FORMAT = "dwarf-with-dsym";
				ENABLE_NS_ASSERTIONS = NO;
				ENABLE_STRICT_OBJC_MSGSEND = YES;
				GCC_C_LANGUAGE_STANDARD = gnu11;
				GCC_NO_COMMON_BLOCKS = YES;
				GCC_WARN_64_TO_32_BIT_CONVERSION = YES;
				GCC_WARN_ABOUT_RETURN_TYPE = YES_ERROR;
				GCC_WARN_UNDECLARED_SELECTOR = YES;
				GCC_WARN_UNINITIALIZED_AUTOS = YES_AGGRESSIVE;
				GCC_WARN_UNUSED_FUNCTION = YES;
				GCC_WARN_UNUSED_VARIABLE = YES;
				MACOSX_DEPLOYMENT_TARGET = 11.3;
				MTL_ENABLE_DEBUG_INFO = NO;
				MTL_FAST_MATH = YES;
				SDKROOT = macosx;
				SWIFT_COMPILATION_MODE = wholemodule;
				SWIFT_OPTIMIZATION_LEVEL = "-O";
			};
			name = Release;
		};
		63B79CEC270C864F003C73D8 /* Debug */ = {
			isa = XCBuildConfiguration;
			buildSettings = {
				ASSETCATALOG_COMPILER_APPICON_NAME = AppIcon;
				ASSETCATALOG_COMPILER_GLOBAL_ACCENT_COLOR_NAME = AccentColor;
				ASSETCATALOG_COMPILER_INCLUDE_ALL_APPICON_ASSETS = YES;
				CODE_SIGN_ENTITLEMENTS = AssetMaker/AssetMaker.entitlements;
				CODE_SIGN_STYLE = Automatic;
				COMBINE_HIDPI_IMAGES = YES;
				CURRENT_PROJECT_VERSION = 1;
				DEVELOPMENT_ASSET_PATHS = "\"AssetMaker/Preview Content\"";
				DEVELOPMENT_TEAM = 5Y9TY9M8N6;
				ENABLE_HARDENED_RUNTIME = YES;
				ENABLE_PREVIEWS = YES;
				GENERATE_INFOPLIST_FILE = YES;
				INFOPLIST_KEY_LSApplicationCategoryType = "public.app-category.productivity";
				INFOPLIST_KEY_NSHumanReadableCopyright = "";
				LD_RUNPATH_SEARCH_PATHS = (
					"$(inherited)",
					"@executable_path/../Frameworks",
				);
				MACOSX_DEPLOYMENT_TARGET = 11.0;
				MARKETING_VERSION = 1.0;
				PRODUCT_BUNDLE_IDENTIFIER = davidtejedor.AssetMaker;
				PRODUCT_NAME = "$(TARGET_NAME)";
				SWIFT_EMIT_LOC_STRINGS = YES;
				SWIFT_VERSION = 5.0;
			};
			name = Debug;
		};
		63B79CED270C864F003C73D8 /* Release */ = {
			isa = XCBuildConfiguration;
			buildSettings = {
				ASSETCATALOG_COMPILER_APPICON_NAME = AppIcon;
				ASSETCATALOG_COMPILER_GLOBAL_ACCENT_COLOR_NAME = AccentColor;
				ASSETCATALOG_COMPILER_INCLUDE_ALL_APPICON_ASSETS = YES;
				CODE_SIGN_ENTITLEMENTS = AssetMaker/AssetMaker.entitlements;
				CODE_SIGN_STYLE = Automatic;
				COMBINE_HIDPI_IMAGES = YES;
				CURRENT_PROJECT_VERSION = 1;
				DEVELOPMENT_ASSET_PATHS = "\"AssetMaker/Preview Content\"";
				DEVELOPMENT_TEAM = 5Y9TY9M8N6;
				ENABLE_HARDENED_RUNTIME = YES;
				ENABLE_PREVIEWS = YES;
				GENERATE_INFOPLIST_FILE = YES;
				INFOPLIST_KEY_LSApplicationCategoryType = "public.app-category.productivity";
				INFOPLIST_KEY_NSHumanReadableCopyright = "";
				LD_RUNPATH_SEARCH_PATHS = (
					"$(inherited)",
					"@executable_path/../Frameworks",
				);
				MACOSX_DEPLOYMENT_TARGET = 11.0;
				MARKETING_VERSION = 1.0;
				PRODUCT_BUNDLE_IDENTIFIER = davidtejedor.AssetMaker;
				PRODUCT_NAME = "$(TARGET_NAME)";
				SWIFT_EMIT_LOC_STRINGS = YES;
				SWIFT_VERSION = 5.0;
			};
			name = Release;
		};
		63B79CEF270C864F003C73D8 /* Debug */ = {
			isa = XCBuildConfiguration;
			buildSettings = {
				ALWAYS_EMBED_SWIFT_STANDARD_LIBRARIES = YES;
				BUNDLE_LOADER = "$(TEST_HOST)";
				CODE_SIGN_STYLE = Automatic;
				COMBINE_HIDPI_IMAGES = YES;
				CURRENT_PROJECT_VERSION = 1;
				DEVELOPMENT_TEAM = 5Y9TY9M8N6;
				GENERATE_INFOPLIST_FILE = YES;
				LD_RUNPATH_SEARCH_PATHS = (
					"$(inherited)",
					"@executable_path/../Frameworks",
					"@loader_path/../Frameworks",
				);
				MACOSX_DEPLOYMENT_TARGET = 11.0;
				MARKETING_VERSION = 1.0;
				PRODUCT_BUNDLE_IDENTIFIER = davidtejedor.AssetMakerTests;
				PRODUCT_NAME = "$(TARGET_NAME)";
				SWIFT_EMIT_LOC_STRINGS = NO;
				SWIFT_VERSION = 5.0;
				TEST_HOST = "$(BUILT_PRODUCTS_DIR)/AssetMaker.app/Contents/MacOS/AssetMaker";
			};
			name = Debug;
		};
		63B79CF0270C864F003C73D8 /* Release */ = {
			isa = XCBuildConfiguration;
			buildSettings = {
				ALWAYS_EMBED_SWIFT_STANDARD_LIBRARIES = YES;
				BUNDLE_LOADER = "$(TEST_HOST)";
				CODE_SIGN_STYLE = Automatic;
				COMBINE_HIDPI_IMAGES = YES;
				CURRENT_PROJECT_VERSION = 1;
				DEVELOPMENT_TEAM = 5Y9TY9M8N6;
				GENERATE_INFOPLIST_FILE = YES;
				LD_RUNPATH_SEARCH_PATHS = (
					"$(inherited)",
					"@executable_path/../Frameworks",
					"@loader_path/../Frameworks",
				);
				MACOSX_DEPLOYMENT_TARGET = 11.0;
				MARKETING_VERSION = 1.0;
				PRODUCT_BUNDLE_IDENTIFIER = davidtejedor.AssetMakerTests;
				PRODUCT_NAME = "$(TARGET_NAME)";
				SWIFT_EMIT_LOC_STRINGS = NO;
				SWIFT_VERSION = 5.0;
				TEST_HOST = "$(BUILT_PRODUCTS_DIR)/AssetMaker.app/Contents/MacOS/AssetMaker";
			};
			name = Release;
		};
		63B79CF2270C864F003C73D8 /* Debug */ = {
			isa = XCBuildConfiguration;
			buildSettings = {
				ALWAYS_EMBED_SWIFT_STANDARD_LIBRARIES = YES;
				CODE_SIGN_STYLE = Automatic;
				COMBINE_HIDPI_IMAGES = YES;
				CURRENT_PROJECT_VERSION = 1;
				DEVELOPMENT_TEAM = 5Y9TY9M8N6;
				GENERATE_INFOPLIST_FILE = YES;
				LD_RUNPATH_SEARCH_PATHS = (
					"$(inherited)",
					"@executable_path/../Frameworks",
					"@loader_path/../Frameworks",
				);
				MARKETING_VERSION = 1.0;
				PRODUCT_BUNDLE_IDENTIFIER = davidtejedor.AssetMakerUITests;
				PRODUCT_NAME = "$(TARGET_NAME)";
				SWIFT_EMIT_LOC_STRINGS = NO;
				SWIFT_VERSION = 5.0;
				TEST_TARGET_NAME = AssetMaker;
			};
			name = Debug;
		};
		63B79CF3270C864F003C73D8 /* Release */ = {
			isa = XCBuildConfiguration;
			buildSettings = {
				ALWAYS_EMBED_SWIFT_STANDARD_LIBRARIES = YES;
				CODE_SIGN_STYLE = Automatic;
				COMBINE_HIDPI_IMAGES = YES;
				CURRENT_PROJECT_VERSION = 1;
				DEVELOPMENT_TEAM = 5Y9TY9M8N6;
				GENERATE_INFOPLIST_FILE = YES;
				LD_RUNPATH_SEARCH_PATHS = (
					"$(inherited)",
					"@executable_path/../Frameworks",
					"@loader_path/../Frameworks",
				);
				MARKETING_VERSION = 1.0;
				PRODUCT_BUNDLE_IDENTIFIER = davidtejedor.AssetMakerUITests;
				PRODUCT_NAME = "$(TARGET_NAME)";
				SWIFT_EMIT_LOC_STRINGS = NO;
				SWIFT_VERSION = 5.0;
				TEST_TARGET_NAME = AssetMaker;
			};
			name = Release;
		};
/* End XCBuildConfiguration section */

/* Begin XCConfigurationList section */
		63B79CC1270C864A003C73D8 /* Build configuration list for PBXProject "AssetMaker" */ = {
			isa = XCConfigurationList;
			buildConfigurations = (
				63B79CE9270C864F003C73D8 /* Debug */,
				63B79CEA270C864F003C73D8 /* Release */,
			);
			defaultConfigurationIsVisible = 0;
			defaultConfigurationName = Release;
		};
		63B79CEB270C864F003C73D8 /* Build configuration list for PBXNativeTarget "AssetMaker" */ = {
			isa = XCConfigurationList;
			buildConfigurations = (
				63B79CEC270C864F003C73D8 /* Debug */,
				63B79CED270C864F003C73D8 /* Release */,
			);
			defaultConfigurationIsVisible = 0;
			defaultConfigurationName = Release;
		};
		63B79CEE270C864F003C73D8 /* Build configuration list for PBXNativeTarget "AssetMakerTests" */ = {
			isa = XCConfigurationList;
			buildConfigurations = (
				63B79CEF270C864F003C73D8 /* Debug */,
				63B79CF0270C864F003C73D8 /* Release */,
			);
			defaultConfigurationIsVisible = 0;
			defaultConfigurationName = Release;
		};
		63B79CF1270C864F003C73D8 /* Build configuration list for PBXNativeTarget "AssetMakerUITests" */ = {
			isa = XCConfigurationList;
			buildConfigurations = (
				63B79CF2270C864F003C73D8 /* Debug */,
				63B79CF3270C864F003C73D8 /* Release */,
			);
			defaultConfigurationIsVisible = 0;
			defaultConfigurationName = Release;
		};
/* End XCConfigurationList section */
	};
	rootObject = 63B79CBE270C864A003C73D8 /* Project object */;
}
